{
  "requires": true,
  "lockfileVersion": 1,
  "dependencies": {
    "netlify-cms-locales": {
      "version": "1.27.0",
      "resolved": "https://registry.npmjs.org/netlify-cms-locales/-/netlify-cms-locales-1.27.0.tgz",
      "integrity": "sha512-wlH6Cnfv6zAvHV94I9oAd4yQHP1Iaq1KZhjOE5chTQu9qC4bpGdX9JHQ2STvpyjL1w6zYRww36uoSdDb8hBZgA=="
    }
  }
}
